// !$*UTF8*$!
{
	archiveVersion = 1;
	classes = {
	};
	objectVersion = 50;
	objects = {

/* Begin PBXBuildFile section */
		D07F8F7DD2A0BBC1B27D2E1F /* Pods_TCSWeatherTests.framework in Frameworks */ = {isa = PBXBuildFile; fileRef = 01C3C581F39714CA3CCBD792 /* Pods_TCSWeatherTests.framework */; };
		EF80CEF2BE2F686DF5E3850C /* Pods_TCSWeather.framework in Frameworks */ = {isa = PBXBuildFile; fileRef = 026B37C6AD562BD728BD83C9 /* Pods_TCSWeather.framework */; };
		F6EC981C2232880900FC17F7 /* AppDelegate.swift in Sources */ = {isa = PBXBuildFile; fileRef = F6EC981B2232880900FC17F7 /* AppDelegate.swift */; };
		F6EC981E2232880900FC17F7 /* ViewController.swift in Sources */ = {isa = PBXBuildFile; fileRef = F6EC981D2232880900FC17F7 /* ViewController.swift */; };
		F6EC98232232880C00FC17F7 /* Assets.xcassets in Resources */ = {isa = PBXBuildFile; fileRef = F6EC98222232880C00FC17F7 /* Assets.xcassets */; };
		F6EC98312232880C00FC17F7 /* TCSWeatherTests.swift in Sources */ = {isa = PBXBuildFile; fileRef = F6EC98302232880C00FC17F7 /* TCSWeatherTests.swift */; };
		F6EC983D223289EB00FC17F7 /* Constants.swift in Sources */ = {isa = PBXBuildFile; fileRef = F6EC983C223289EB00FC17F7 /* Constants.swift */; };
		F6EC984022328A2800FC17F7 /* Units.swift in Sources */ = {isa = PBXBuildFile; fileRef = F6EC983F22328A2800FC17F7 /* Units.swift */; };
		F6EC984422328B5C00FC17F7 /* BaseViewController.swift in Sources */ = {isa = PBXBuildFile; fileRef = F6EC984322328B5C00FC17F7 /* BaseViewController.swift */; };
		F6EC984622328B8000FC17F7 /* BaseView.swift in Sources */ = {isa = PBXBuildFile; fileRef = F6EC984522328B8000FC17F7 /* BaseView.swift */; };
		F6EC98492232999600FC17F7 /* AppFlow.swift in Sources */ = {isa = PBXBuildFile; fileRef = F6EC98482232999600FC17F7 /* AppFlow.swift */; };
		F6EC984D22329A1300FC17F7 /* ioCentroType.swift in Sources */ = {isa = PBXBuildFile; fileRef = F6EC984C22329A1300FC17F7 /* ioCentroType.swift */; };
		F6EC984F22329A8000FC17F7 /* ioCentro.swift in Sources */ = {isa = PBXBuildFile; fileRef = F6EC984E22329A8000FC17F7 /* ioCentro.swift */; };
		F6EC985122329AB100FC17F7 /* ioBase.swift in Sources */ = {isa = PBXBuildFile; fileRef = F6EC985022329AB100FC17F7 /* ioBase.swift */; };
		F6EC985322329B9A00FC17F7 /* ioError.swift in Sources */ = {isa = PBXBuildFile; fileRef = F6EC985222329B9A00FC17F7 /* ioError.swift */; };
		F6EC985522329BE800FC17F7 /* ioRequestAccess.swift in Sources */ = {isa = PBXBuildFile; fileRef = F6EC985422329BE800FC17F7 /* ioRequestAccess.swift */; };
		F6EC985722329C0900FC17F7 /* ioService.swift in Sources */ = {isa = PBXBuildFile; fileRef = F6EC985622329C0900FC17F7 /* ioService.swift */; };
		F6EC985922329C2E00FC17F7 /* ioTransform.swift in Sources */ = {isa = PBXBuildFile; fileRef = F6EC985822329C2E00FC17F7 /* ioTransform.swift */; };
		F6EC985C22329F9500FC17F7 /* String.swift in Sources */ = {isa = PBXBuildFile; fileRef = F6EC985B22329F9500FC17F7 /* String.swift */; };
		F6EC985E2232A13200FC17F7 /* WeatherStep.swift in Sources */ = {isa = PBXBuildFile; fileRef = F6EC985D2232A13200FC17F7 /* WeatherStep.swift */; };
		F6EC98602232AEF000FC17F7 /* SplashFlow.swift in Sources */ = {isa = PBXBuildFile; fileRef = F6EC985F2232AEF000FC17F7 /* SplashFlow.swift */; };
		F6EC98632232B2A500FC17F7 /* SplashViewController.swift in Sources */ = {isa = PBXBuildFile; fileRef = F6EC98622232B2A500FC17F7 /* SplashViewController.swift */; };
		F6EC98652232B2BA00FC17F7 /* SplashView.swift in Sources */ = {isa = PBXBuildFile; fileRef = F6EC98642232B2BA00FC17F7 /* SplashView.swift */; };
/* End PBXBuildFile section */

/* Begin PBXContainerItemProxy section */
		F6EC982D2232880C00FC17F7 /* PBXContainerItemProxy */ = {
			isa = PBXContainerItemProxy;
			containerPortal = F6EC98102232880900FC17F7 /* Project object */;
			proxyType = 1;
			remoteGlobalIDString = F6EC98172232880900FC17F7;
			remoteInfo = TCSWeather;
		};
/* End PBXContainerItemProxy section */

/* Begin PBXFileReference section */
		01C3C581F39714CA3CCBD792 /* Pods_TCSWeatherTests.framework */ = {isa = PBXFileReference; explicitFileType = wrapper.framework; includeInIndex = 0; path = Pods_TCSWeatherTests.framework; sourceTree = BUILT_PRODUCTS_DIR; };
		026B37C6AD562BD728BD83C9 /* Pods_TCSWeather.framework */ = {isa = PBXFileReference; explicitFileType = wrapper.framework; includeInIndex = 0; path = Pods_TCSWeather.framework; sourceTree = BUILT_PRODUCTS_DIR; };
		2C1FE85E014E8FF265C0940B /* Pods-TCSWeatherTests.debug.xcconfig */ = {isa = PBXFileReference; includeInIndex = 1; lastKnownFileType = text.xcconfig; name = "Pods-TCSWeatherTests.debug.xcconfig"; path = "Target Support Files/Pods-TCSWeatherTests/Pods-TCSWeatherTests.debug.xcconfig"; sourceTree = "<group>"; };
		77EF7DBFE3B6368F9A4C733F /* Pods-TCSWeather.debug.xcconfig */ = {isa = PBXFileReference; includeInIndex = 1; lastKnownFileType = text.xcconfig; name = "Pods-TCSWeather.debug.xcconfig"; path = "Target Support Files/Pods-TCSWeather/Pods-TCSWeather.debug.xcconfig"; sourceTree = "<group>"; };
		7F2174AE8E28DD318F108EE2 /* Pods-TCSWeather.release.xcconfig */ = {isa = PBXFileReference; includeInIndex = 1; lastKnownFileType = text.xcconfig; name = "Pods-TCSWeather.release.xcconfig"; path = "Target Support Files/Pods-TCSWeather/Pods-TCSWeather.release.xcconfig"; sourceTree = "<group>"; };
		B7FC56BB7DD4DEE124913F38 /* Pods-TCSWeatherTests.release.xcconfig */ = {isa = PBXFileReference; includeInIndex = 1; lastKnownFileType = text.xcconfig; name = "Pods-TCSWeatherTests.release.xcconfig"; path = "Target Support Files/Pods-TCSWeatherTests/Pods-TCSWeatherTests.release.xcconfig"; sourceTree = "<group>"; };
		F6EC98182232880900FC17F7 /* TCSWeather.app */ = {isa = PBXFileReference; explicitFileType = wrapper.application; includeInIndex = 0; path = TCSWeather.app; sourceTree = BUILT_PRODUCTS_DIR; };
		F6EC981B2232880900FC17F7 /* AppDelegate.swift */ = {isa = PBXFileReference; lastKnownFileType = sourcecode.swift; path = AppDelegate.swift; sourceTree = "<group>"; };
		F6EC981D2232880900FC17F7 /* ViewController.swift */ = {isa = PBXFileReference; lastKnownFileType = sourcecode.swift; path = ViewController.swift; sourceTree = "<group>"; };
		F6EC98222232880C00FC17F7 /* Assets.xcassets */ = {isa = PBXFileReference; lastKnownFileType = folder.assetcatalog; path = Assets.xcassets; sourceTree = "<group>"; };
		F6EC98272232880C00FC17F7 /* Info.plist */ = {isa = PBXFileReference; lastKnownFileType = text.plist.xml; path = Info.plist; sourceTree = "<group>"; };
		F6EC982C2232880C00FC17F7 /* TCSWeatherTests.xctest */ = {isa = PBXFileReference; explicitFileType = wrapper.cfbundle; includeInIndex = 0; path = TCSWeatherTests.xctest; sourceTree = BUILT_PRODUCTS_DIR; };
		F6EC98302232880C00FC17F7 /* TCSWeatherTests.swift */ = {isa = PBXFileReference; lastKnownFileType = sourcecode.swift; path = TCSWeatherTests.swift; sourceTree = "<group>"; };
		F6EC98322232880C00FC17F7 /* Info.plist */ = {isa = PBXFileReference; lastKnownFileType = text.plist.xml; path = Info.plist; sourceTree = "<group>"; };
		F6EC983C223289EB00FC17F7 /* Constants.swift */ = {isa = PBXFileReference; lastKnownFileType = sourcecode.swift; path = Constants.swift; sourceTree = "<group>"; };
		F6EC983F22328A2800FC17F7 /* Units.swift */ = {isa = PBXFileReference; lastKnownFileType = sourcecode.swift; path = Units.swift; sourceTree = "<group>"; };
		F6EC984322328B5C00FC17F7 /* BaseViewController.swift */ = {isa = PBXFileReference; lastKnownFileType = sourcecode.swift; path = BaseViewController.swift; sourceTree = "<group>"; };
		F6EC984522328B8000FC17F7 /* BaseView.swift */ = {isa = PBXFileReference; lastKnownFileType = sourcecode.swift; path = BaseView.swift; sourceTree = "<group>"; };
		F6EC98482232999600FC17F7 /* AppFlow.swift */ = {isa = PBXFileReference; lastKnownFileType = sourcecode.swift; path = AppFlow.swift; sourceTree = "<group>"; };
		F6EC984C22329A1300FC17F7 /* ioCentroType.swift */ = {isa = PBXFileReference; lastKnownFileType = sourcecode.swift; path = ioCentroType.swift; sourceTree = "<group>"; };
		F6EC984E22329A8000FC17F7 /* ioCentro.swift */ = {isa = PBXFileReference; lastKnownFileType = sourcecode.swift; path = ioCentro.swift; sourceTree = "<group>"; };
		F6EC985022329AB100FC17F7 /* ioBase.swift */ = {isa = PBXFileReference; lastKnownFileType = sourcecode.swift; path = ioBase.swift; sourceTree = "<group>"; };
		F6EC985222329B9A00FC17F7 /* ioError.swift */ = {isa = PBXFileReference; lastKnownFileType = sourcecode.swift; path = ioError.swift; sourceTree = "<group>"; };
		F6EC985422329BE800FC17F7 /* ioRequestAccess.swift */ = {isa = PBXFileReference; lastKnownFileType = sourcecode.swift; path = ioRequestAccess.swift; sourceTree = "<group>"; };
		F6EC985622329C0900FC17F7 /* ioService.swift */ = {isa = PBXFileReference; lastKnownFileType = sourcecode.swift; path = ioService.swift; sourceTree = "<group>"; };
		F6EC985822329C2E00FC17F7 /* ioTransform.swift */ = {isa = PBXFileReference; lastKnownFileType = sourcecode.swift; path = ioTransform.swift; sourceTree = "<group>"; };
		F6EC985B22329F9500FC17F7 /* String.swift */ = {isa = PBXFileReference; lastKnownFileType = sourcecode.swift; path = String.swift; sourceTree = "<group>"; };
		F6EC985D2232A13200FC17F7 /* WeatherStep.swift */ = {isa = PBXFileReference; lastKnownFileType = sourcecode.swift; path = WeatherStep.swift; sourceTree = "<group>"; };
		F6EC985F2232AEF000FC17F7 /* SplashFlow.swift */ = {isa = PBXFileReference; lastKnownFileType = sourcecode.swift; path = SplashFlow.swift; sourceTree = "<group>"; };
		F6EC98622232B2A500FC17F7 /* SplashViewController.swift */ = {isa = PBXFileReference; lastKnownFileType = sourcecode.swift; path = SplashViewController.swift; sourceTree = "<group>"; };
		F6EC98642232B2BA00FC17F7 /* SplashView.swift */ = {isa = PBXFileReference; lastKnownFileType = sourcecode.swift; path = SplashView.swift; sourceTree = "<group>"; };
/* End PBXFileReference section */

/* Begin PBXFrameworksBuildPhase section */
		F6EC98152232880900FC17F7 /* Frameworks */ = {
			isa = PBXFrameworksBuildPhase;
			buildActionMask = 2147483647;
			files = (
				EF80CEF2BE2F686DF5E3850C /* Pods_TCSWeather.framework in Frameworks */,
			);
			runOnlyForDeploymentPostprocessing = 0;
		};
		F6EC98292232880C00FC17F7 /* Frameworks */ = {
			isa = PBXFrameworksBuildPhase;
			buildActionMask = 2147483647;
			files = (
				D07F8F7DD2A0BBC1B27D2E1F /* Pods_TCSWeatherTests.framework in Frameworks */,
			);
			runOnlyForDeploymentPostprocessing = 0;
		};
/* End PBXFrameworksBuildPhase section */

/* Begin PBXGroup section */
		75EE5DD92634A4F0CC7E22E9 /* Pods */ = {
			isa = PBXGroup;
			children = (
				77EF7DBFE3B6368F9A4C733F /* Pods-TCSWeather.debug.xcconfig */,
				7F2174AE8E28DD318F108EE2 /* Pods-TCSWeather.release.xcconfig */,
				2C1FE85E014E8FF265C0940B /* Pods-TCSWeatherTests.debug.xcconfig */,
				B7FC56BB7DD4DEE124913F38 /* Pods-TCSWeatherTests.release.xcconfig */,
			);
			path = Pods;
			sourceTree = "<group>";
		};
		F6EC980F2232880900FC17F7 = {
			isa = PBXGroup;
			children = (
				F6EC981A2232880900FC17F7 /* TCSWeather */,
				F6EC982F2232880C00FC17F7 /* TCSWeatherTests */,
				F6EC98192232880900FC17F7 /* Products */,
				75EE5DD92634A4F0CC7E22E9 /* Pods */,
				FB9E2513BE2DF7473AC945AC /* Frameworks */,
			);
			sourceTree = "<group>";
		};
		F6EC98192232880900FC17F7 /* Products */ = {
			isa = PBXGroup;
			children = (
				F6EC98182232880900FC17F7 /* TCSWeather.app */,
				F6EC982C2232880C00FC17F7 /* TCSWeatherTests.xctest */,
			);
			name = Products;
			sourceTree = "<group>";
		};
		F6EC981A2232880900FC17F7 /* TCSWeather */ = {
			isa = PBXGroup;
			children = (
				F6EC983B223289C800FC17F7 /* Common */,
				F6EC984122328B1400FC17F7 /* Controllers */,
				F6EC985A22329F5800FC17F7 /* Extensions */,
				F6EC98472232997900FC17F7 /* Flow */,
				F6EC984A223299F200FC17F7 /* Network */,
				F6EC983E22328A1800FC17F7 /* Types */,
				F6EC981D2232880900FC17F7 /* ViewController.swift */,
				F6EC98222232880C00FC17F7 /* Assets.xcassets */,
				F6EC98272232880C00FC17F7 /* Info.plist */,
			);
			path = TCSWeather;
			sourceTree = "<group>";
		};
		F6EC982F2232880C00FC17F7 /* TCSWeatherTests */ = {
			isa = PBXGroup;
			children = (
				F6EC98302232880C00FC17F7 /* TCSWeatherTests.swift */,
				F6EC98322232880C00FC17F7 /* Info.plist */,
			);
			path = TCSWeatherTests;
			sourceTree = "<group>";
		};
		F6EC983B223289C800FC17F7 /* Common */ = {
			isa = PBXGroup;
			children = (
				F6EC981B2232880900FC17F7 /* AppDelegate.swift */,
				F6EC983C223289EB00FC17F7 /* Constants.swift */,
			);
			path = Common;
			sourceTree = "<group>";
		};
		F6EC983E22328A1800FC17F7 /* Types */ = {
			isa = PBXGroup;
			children = (
				F6EC983F22328A2800FC17F7 /* Units.swift */,
			);
			path = Types;
			sourceTree = "<group>";
		};
		F6EC984122328B1400FC17F7 /* Controllers */ = {
			isa = PBXGroup;
			children = (
				F6EC984222328B2100FC17F7 /* Base */,
				F6EC98662232C2D900FC17F7 /* Main */,
				F6EC98612232B27100FC17F7 /* Splash */,
			);
			path = Controllers;
			sourceTree = "<group>";
		};
		F6EC984222328B2100FC17F7 /* Base */ = {
			isa = PBXGroup;
			children = (
				F6EC984522328B8000FC17F7 /* BaseView.swift */,
				F6EC984322328B5C00FC17F7 /* BaseViewController.swift */,
			);
			path = Base;
			sourceTree = "<group>";
		};
		F6EC98472232997900FC17F7 /* Flow */ = {
			isa = PBXGroup;
			children = (
				F6EC98482232999600FC17F7 /* AppFlow.swift */,
				F6EC985F2232AEF000FC17F7 /* SplashFlow.swift */,
				F6EC985D2232A13200FC17F7 /* WeatherStep.swift */,
			);
			path = Flow;
			sourceTree = "<group>";
		};
		F6EC984A223299F200FC17F7 /* Network */ = {
			isa = PBXGroup;
			children = (
				F6EC984B223299FD00FC17F7 /* Base */,
			);
			path = Network;
			sourceTree = "<group>";
		};
		F6EC984B223299FD00FC17F7 /* Base */ = {
			isa = PBXGroup;
			children = (
				F6EC985022329AB100FC17F7 /* ioBase.swift */,
				F6EC984E22329A8000FC17F7 /* ioCentro.swift */,
				F6EC984C22329A1300FC17F7 /* ioCentroType.swift */,
				F6EC985222329B9A00FC17F7 /* ioError.swift */,
				F6EC985422329BE800FC17F7 /* ioRequestAccess.swift */,
				F6EC985622329C0900FC17F7 /* ioService.swift */,
				F6EC985822329C2E00FC17F7 /* ioTransform.swift */,
			);
			path = Base;
			sourceTree = "<group>";
		};
		F6EC985A22329F5800FC17F7 /* Extensions */ = {
			isa = PBXGroup;
			children = (
				F6EC985B22329F9500FC17F7 /* String.swift */,
			);
			path = Extensions;
			sourceTree = "<group>";
		};
		F6EC98612232B27100FC17F7 /* Splash */ = {
			isa = PBXGroup;
			children = (
				F6EC98642232B2BA00FC17F7 /* SplashView.swift */,
				F6EC98622232B2A500FC17F7 /* SplashViewController.swift */,
			);
			path = Splash;
			sourceTree = "<group>";
		};
		F6EC98662232C2D900FC17F7 /* Main */ = {
			isa = PBXGroup;
			children = (
			);
			path = Main;
			sourceTree = "<group>";
		};
		FB9E2513BE2DF7473AC945AC /* Frameworks */ = {
			isa = PBXGroup;
			children = (
				026B37C6AD562BD728BD83C9 /* Pods_TCSWeather.framework */,
				01C3C581F39714CA3CCBD792 /* Pods_TCSWeatherTests.framework */,
			);
			name = Frameworks;
			sourceTree = "<group>";
		};
/* End PBXGroup section */

/* Begin PBXNativeTarget section */
		F6EC98172232880900FC17F7 /* TCSWeather */ = {
			isa = PBXNativeTarget;
			buildConfigurationList = F6EC98352232880C00FC17F7 /* Build configuration list for PBXNativeTarget "TCSWeather" */;
			buildPhases = (
				F6BF44B9A088C0A74E285FB9 /* [CP] Check Pods Manifest.lock */,
				F6EC98142232880900FC17F7 /* Sources */,
				F6EC98152232880900FC17F7 /* Frameworks */,
				F6EC98162232880900FC17F7 /* Resources */,
				01D2420ED7DBF77ABCAB5EDF /* [CP] Embed Pods Frameworks */,
			);
			buildRules = (
			);
			dependencies = (
			);
			name = TCSWeather;
			productName = TCSWeather;
			productReference = F6EC98182232880900FC17F7 /* TCSWeather.app */;
			productType = "com.apple.product-type.application";
		};
		F6EC982B2232880C00FC17F7 /* TCSWeatherTests */ = {
			isa = PBXNativeTarget;
			buildConfigurationList = F6EC98382232880C00FC17F7 /* Build configuration list for PBXNativeTarget "TCSWeatherTests" */;
			buildPhases = (
				5308463B91D6F6E75AC2B6B1 /* [CP] Check Pods Manifest.lock */,
				F6EC98282232880C00FC17F7 /* Sources */,
				F6EC98292232880C00FC17F7 /* Frameworks */,
				F6EC982A2232880C00FC17F7 /* Resources */,
			);
			buildRules = (
			);
			dependencies = (
				F6EC982E2232880C00FC17F7 /* PBXTargetDependency */,
			);
			name = TCSWeatherTests;
			productName = TCSWeatherTests;
			productReference = F6EC982C2232880C00FC17F7 /* TCSWeatherTests.xctest */;
			productType = "com.apple.product-type.bundle.unit-test";
		};
/* End PBXNativeTarget section */

/* Begin PBXProject section */
		F6EC98102232880900FC17F7 /* Project object */ = {
			isa = PBXProject;
			attributes = {
				LastSwiftUpdateCheck = 1010;
				LastUpgradeCheck = 1010;
				ORGANIZATIONNAME = "Yevhen Don";
				TargetAttributes = {
					F6EC98172232880900FC17F7 = {
						CreatedOnToolsVersion = 10.1;
					};
					F6EC982B2232880C00FC17F7 = {
						CreatedOnToolsVersion = 10.1;
						TestTargetID = F6EC98172232880900FC17F7;
					};
				};
			};
			buildConfigurationList = F6EC98132232880900FC17F7 /* Build configuration list for PBXProject "TCSWeather" */;
			compatibilityVersion = "Xcode 9.3";
			developmentRegion = en;
			hasScannedForEncodings = 0;
			knownRegions = (
				en,
				Base,
			);
			mainGroup = F6EC980F2232880900FC17F7;
			productRefGroup = F6EC98192232880900FC17F7 /* Products */;
			projectDirPath = "";
			projectRoot = "";
			targets = (
				F6EC98172232880900FC17F7 /* TCSWeather */,
				F6EC982B2232880C00FC17F7 /* TCSWeatherTests */,
			);
		};
/* End PBXProject section */

/* Begin PBXResourcesBuildPhase section */
		F6EC98162232880900FC17F7 /* Resources */ = {
			isa = PBXResourcesBuildPhase;
			buildActionMask = 2147483647;
			files = (
				F6EC98232232880C00FC17F7 /* Assets.xcassets in Resources */,
			);
			runOnlyForDeploymentPostprocessing = 0;
		};
		F6EC982A2232880C00FC17F7 /* Resources */ = {
			isa = PBXResourcesBuildPhase;
			buildActionMask = 2147483647;
			files = (
			);
			runOnlyForDeploymentPostprocessing = 0;
		};
/* End PBXResourcesBuildPhase section */

/* Begin PBXShellScriptBuildPhase section */
		01D2420ED7DBF77ABCAB5EDF /* [CP] Embed Pods Frameworks */ = {
			isa = PBXShellScriptBuildPhase;
			buildActionMask = 2147483647;
			files = (
			);
			inputFileListPaths = (
			);
			inputPaths = (
				"${PODS_ROOT}/Target Support Files/Pods-TCSWeather/Pods-TCSWeather-frameworks.sh",
				"${BUILT_PRODUCTS_DIR}/Alamofire/Alamofire.framework",
				"${BUILT_PRODUCTS_DIR}/EasyPeasy/EasyPeasy.framework",
				"${BUILT_PRODUCTS_DIR}/ModelMapper/Mapper.framework",
				"${BUILT_PRODUCTS_DIR}/Moya/Moya.framework",
				"${BUILT_PRODUCTS_DIR}/Moya-ModelMapper/Moya_ModelMapper.framework",
				"${BUILT_PRODUCTS_DIR}/NSObject+Rx/NSObject_Rx.framework",
				"${BUILT_PRODUCTS_DIR}/Result/Result.framework",
				"${BUILT_PRODUCTS_DIR}/RxAtomic/RxAtomic.framework",
				"${BUILT_PRODUCTS_DIR}/RxCocoa/RxCocoa.framework",
				"${BUILT_PRODUCTS_DIR}/RxFlow/RxFlow.framework",
				"${BUILT_PRODUCTS_DIR}/RxSwift/RxSwift.framework",
				"${BUILT_PRODUCTS_DIR}/Swinject/Swinject.framework",
			);
			name = "[CP] Embed Pods Frameworks";
			outputFileListPaths = (
			);
			outputPaths = (
				"${TARGET_BUILD_DIR}/${FRAMEWORKS_FOLDER_PATH}/Alamofire.framework",
				"${TARGET_BUILD_DIR}/${FRAMEWORKS_FOLDER_PATH}/EasyPeasy.framework",
				"${TARGET_BUILD_DIR}/${FRAMEWORKS_FOLDER_PATH}/Mapper.framework",
				"${TARGET_BUILD_DIR}/${FRAMEWORKS_FOLDER_PATH}/Moya.framework",
				"${TARGET_BUILD_DIR}/${FRAMEWORKS_FOLDER_PATH}/Moya_ModelMapper.framework",
				"${TARGET_BUILD_DIR}/${FRAMEWORKS_FOLDER_PATH}/NSObject_Rx.framework",
				"${TARGET_BUILD_DIR}/${FRAMEWORKS_FOLDER_PATH}/Result.framework",
				"${TARGET_BUILD_DIR}/${FRAMEWORKS_FOLDER_PATH}/RxAtomic.framework",
				"${TARGET_BUILD_DIR}/${FRAMEWORKS_FOLDER_PATH}/RxCocoa.framework",
				"${TARGET_BUILD_DIR}/${FRAMEWORKS_FOLDER_PATH}/RxFlow.framework",
				"${TARGET_BUILD_DIR}/${FRAMEWORKS_FOLDER_PATH}/RxSwift.framework",
				"${TARGET_BUILD_DIR}/${FRAMEWORKS_FOLDER_PATH}/Swinject.framework",
			);
			runOnlyForDeploymentPostprocessing = 0;
			shellPath = /bin/sh;
			shellScript = "\"${PODS_ROOT}/Target Support Files/Pods-TCSWeather/Pods-TCSWeather-frameworks.sh\"\n";
			showEnvVarsInLog = 0;
		};
		5308463B91D6F6E75AC2B6B1 /* [CP] Check Pods Manifest.lock */ = {
			isa = PBXShellScriptBuildPhase;
			buildActionMask = 2147483647;
			files = (
			);
			inputFileListPaths = (
			);
			inputPaths = (
				"${PODS_PODFILE_DIR_PATH}/Podfile.lock",
				"${PODS_ROOT}/Manifest.lock",
			);
			name = "[CP] Check Pods Manifest.lock";
			outputFileListPaths = (
			);
			outputPaths = (
				"$(DERIVED_FILE_DIR)/Pods-TCSWeatherTests-checkManifestLockResult.txt",
			);
			runOnlyForDeploymentPostprocessing = 0;
			shellPath = /bin/sh;
			shellScript = "diff \"${PODS_PODFILE_DIR_PATH}/Podfile.lock\" \"${PODS_ROOT}/Manifest.lock\" > /dev/null\nif [ $? != 0 ] ; then\n    # print error to STDERR\n    echo \"error: The sandbox is not in sync with the Podfile.lock. Run 'pod install' or update your CocoaPods installation.\" >&2\n    exit 1\nfi\n# This output is used by Xcode 'outputs' to avoid re-running this script phase.\necho \"SUCCESS\" > \"${SCRIPT_OUTPUT_FILE_0}\"\n";
			showEnvVarsInLog = 0;
		};
		F6BF44B9A088C0A74E285FB9 /* [CP] Check Pods Manifest.lock */ = {
			isa = PBXShellScriptBuildPhase;
			buildActionMask = 2147483647;
			files = (
			);
			inputFileListPaths = (
			);
			inputPaths = (
				"${PODS_PODFILE_DIR_PATH}/Podfile.lock",
				"${PODS_ROOT}/Manifest.lock",
			);
			name = "[CP] Check Pods Manifest.lock";
			outputFileListPaths = (
			);
			outputPaths = (
				"$(DERIVED_FILE_DIR)/Pods-TCSWeather-checkManifestLockResult.txt",
			);
			runOnlyForDeploymentPostprocessing = 0;
			shellPath = /bin/sh;
			shellScript = "diff \"${PODS_PODFILE_DIR_PATH}/Podfile.lock\" \"${PODS_ROOT}/Manifest.lock\" > /dev/null\nif [ $? != 0 ] ; then\n    # print error to STDERR\n    echo \"error: The sandbox is not in sync with the Podfile.lock. Run 'pod install' or update your CocoaPods installation.\" >&2\n    exit 1\nfi\n# This output is used by Xcode 'outputs' to avoid re-running this script phase.\necho \"SUCCESS\" > \"${SCRIPT_OUTPUT_FILE_0}\"\n";
			showEnvVarsInLog = 0;
		};
/* End PBXShellScriptBuildPhase section */

/* Begin PBXSourcesBuildPhase section */
		F6EC98142232880900FC17F7 /* Sources */ = {
			isa = PBXSourcesBuildPhase;
			buildActionMask = 2147483647;
			files = (
				F6EC98492232999600FC17F7 /* AppFlow.swift in Sources */,
				F6EC984422328B5C00FC17F7 /* BaseViewController.swift in Sources */,
				F6EC984D22329A1300FC17F7 /* ioCentroType.swift in Sources */,
				F6EC98632232B2A500FC17F7 /* SplashViewController.swift in Sources */,
				F6EC981E2232880900FC17F7 /* ViewController.swift in Sources */,
				F6EC984022328A2800FC17F7 /* Units.swift in Sources */,
				F6EC984622328B8000FC17F7 /* BaseView.swift in Sources */,
				F6EC985122329AB100FC17F7 /* ioBase.swift in Sources */,
				F6EC981C2232880900FC17F7 /* AppDelegate.swift in Sources */,
				F6EC985E2232A13200FC17F7 /* WeatherStep.swift in Sources */,
				F6EC98602232AEF000FC17F7 /* SplashFlow.swift in Sources */,
				F6EC983D223289EB00FC17F7 /* Constants.swift in Sources */,
				F6EC985722329C0900FC17F7 /* ioService.swift in Sources */,
				F6EC98652232B2BA00FC17F7 /* SplashView.swift in Sources */,
				F6EC985922329C2E00FC17F7 /* ioTransform.swift in Sources */,
				F6EC985322329B9A00FC17F7 /* ioError.swift in Sources */,
				F6EC985C22329F9500FC17F7 /* String.swift in Sources */,
				F6EC984F22329A8000FC17F7 /* ioCentro.swift in Sources */,
				F6EC985522329BE800FC17F7 /* ioRequestAccess.swift in Sources */,
			);
			runOnlyForDeploymentPostprocessing = 0;
		};
		F6EC98282232880C00FC17F7 /* Sources */ = {
			isa = PBXSourcesBuildPhase;
			buildActionMask = 2147483647;
			files = (
				F6EC98312232880C00FC17F7 /* TCSWeatherTests.swift in Sources */,
			);
			runOnlyForDeploymentPostprocessing = 0;
		};
/* End PBXSourcesBuildPhase section */

/* Begin PBXTargetDependency section */
		F6EC982E2232880C00FC17F7 /* PBXTargetDependency */ = {
			isa = PBXTargetDependency;
			target = F6EC98172232880900FC17F7 /* TCSWeather */;
			targetProxy = F6EC982D2232880C00FC17F7 /* PBXContainerItemProxy */;
		};
/* End PBXTargetDependency section */

/* Begin XCBuildConfiguration section */
		F6EC98332232880C00FC17F7 /* Debug */ = {
			isa = XCBuildConfiguration;
			buildSettings = {
				ALWAYS_SEARCH_USER_PATHS = NO;
				CLANG_ANALYZER_NONNULL = YES;
				CLANG_ANALYZER_NUMBER_OBJECT_CONVERSION = YES_AGGRESSIVE;
				CLANG_CXX_LANGUAGE_STANDARD = "gnu++14";
				CLANG_CXX_LIBRARY = "libc++";
				CLANG_ENABLE_MODULES = YES;
				CLANG_ENABLE_OBJC_ARC = YES;
				CLANG_ENABLE_OBJC_WEAK = YES;
				CLANG_WARN_BLOCK_CAPTURE_AUTORELEASING = YES;
				CLANG_WARN_BOOL_CONVERSION = YES;
				CLANG_WARN_COMMA = YES;
				CLANG_WARN_CONSTANT_CONVERSION = YES;
				CLANG_WARN_DEPRECATED_OBJC_IMPLEMENTATIONS = YES;
				CLANG_WARN_DIRECT_OBJC_ISA_USAGE = YES_ERROR;
				CLANG_WARN_DOCUMENTATION_COMMENTS = YES;
				CLANG_WARN_EMPTY_BODY = YES;
				CLANG_WARN_ENUM_CONVERSION = YES;
				CLANG_WARN_INFINITE_RECURSION = YES;
				CLANG_WARN_INT_CONVERSION = YES;
				CLANG_WARN_NON_LITERAL_NULL_CONVERSION = YES;
				CLANG_WARN_OBJC_IMPLICIT_RETAIN_SELF = YES;
				CLANG_WARN_OBJC_LITERAL_CONVERSION = YES;
				CLANG_WARN_OBJC_ROOT_CLASS = YES_ERROR;
				CLANG_WARN_RANGE_LOOP_ANALYSIS = YES;
				CLANG_WARN_STRICT_PROTOTYPES = YES;
				CLANG_WARN_SUSPICIOUS_MOVE = YES;
				CLANG_WARN_UNGUARDED_AVAILABILITY = YES_AGGRESSIVE;
				CLANG_WARN_UNREACHABLE_CODE = YES;
				CLANG_WARN__DUPLICATE_METHOD_MATCH = YES;
				CODE_SIGN_IDENTITY = "iPhone Developer";
				COPY_PHASE_STRIP = NO;
				DEBUG_INFORMATION_FORMAT = dwarf;
				ENABLE_STRICT_OBJC_MSGSEND = YES;
				ENABLE_TESTABILITY = YES;
				GCC_C_LANGUAGE_STANDARD = gnu11;
				GCC_DYNAMIC_NO_PIC = NO;
				GCC_NO_COMMON_BLOCKS = YES;
				GCC_OPTIMIZATION_LEVEL = 0;
				GCC_PREPROCESSOR_DEFINITIONS = (
					"DEBUG=1",
					"$(inherited)",
				);
				GCC_WARN_64_TO_32_BIT_CONVERSION = YES;
				GCC_WARN_ABOUT_RETURN_TYPE = YES_ERROR;
				GCC_WARN_UNDECLARED_SELECTOR = YES;
				GCC_WARN_UNINITIALIZED_AUTOS = YES_AGGRESSIVE;
				GCC_WARN_UNUSED_FUNCTION = YES;
				GCC_WARN_UNUSED_VARIABLE = YES;
				IPHONEOS_DEPLOYMENT_TARGET = 12.1;
				MTL_ENABLE_DEBUG_INFO = INCLUDE_SOURCE;
				MTL_FAST_MATH = YES;
				ONLY_ACTIVE_ARCH = YES;
				SDKROOT = iphoneos;
				SWIFT_ACTIVE_COMPILATION_CONDITIONS = DEBUG;
				SWIFT_OPTIMIZATION_LEVEL = "-Onone";
			};
			name = Debug;
		};
		F6EC98342232880C00FC17F7 /* Release */ = {
			isa = XCBuildConfiguration;
			buildSettings = {
				ALWAYS_SEARCH_USER_PATHS = NO;
				CLANG_ANALYZER_NONNULL = YES;
				CLANG_ANALYZER_NUMBER_OBJECT_CONVERSION = YES_AGGRESSIVE;
				CLANG_CXX_LANGUAGE_STANDARD = "gnu++14";
				CLANG_CXX_LIBRARY = "libc++";
				CLANG_ENABLE_MODULES = YES;
				CLANG_ENABLE_OBJC_ARC = YES;
				CLANG_ENABLE_OBJC_WEAK = YES;
				CLANG_WARN_BLOCK_CAPTURE_AUTORELEASING = YES;
				CLANG_WARN_BOOL_CONVERSION = YES;
				CLANG_WARN_COMMA = YES;
				CLANG_WARN_CONSTANT_CONVERSION = YES;
				CLANG_WARN_DEPRECATED_OBJC_IMPLEMENTATIONS = YES;
				CLANG_WARN_DIRECT_OBJC_ISA_USAGE = YES_ERROR;
				CLANG_WARN_DOCUMENTATION_COMMENTS = YES;
				CLANG_WARN_EMPTY_BODY = YES;
				CLANG_WARN_ENUM_CONVERSION = YES;
				CLANG_WARN_INFINITE_RECURSION = YES;
				CLANG_WARN_INT_CONVERSION = YES;
				CLANG_WARN_NON_LITERAL_NULL_CONVERSION = YES;
				CLANG_WARN_OBJC_IMPLICIT_RETAIN_SELF = YES;
				CLANG_WARN_OBJC_LITERAL_CONVERSION = YES;
				CLANG_WARN_OBJC_ROOT_CLASS = YES_ERROR;
				CLANG_WARN_RANGE_LOOP_ANALYSIS = YES;
				CLANG_WARN_STRICT_PROTOTYPES = YES;
				CLANG_WARN_SUSPICIOUS_MOVE = YES;
				CLANG_WARN_UNGUARDED_AVAILABILITY = YES_AGGRESSIVE;
				CLANG_WARN_UNREACHABLE_CODE = YES;
				CLANG_WARN__DUPLICATE_METHOD_MATCH = YES;
				CODE_SIGN_IDENTITY = "iPhone Developer";
				COPY_PHASE_STRIP = NO;
				DEBUG_INFORMATION_FORMAT = "dwarf-with-dsym";
				ENABLE_NS_ASSERTIONS = NO;
				ENABLE_STRICT_OBJC_MSGSEND = YES;
				GCC_C_LANGUAGE_STANDARD = gnu11;
				GCC_NO_COMMON_BLOCKS = YES;
				GCC_WARN_64_TO_32_BIT_CONVERSION = YES;
				GCC_WARN_ABOUT_RETURN_TYPE = YES_ERROR;
				GCC_WARN_UNDECLARED_SELECTOR = YES;
				GCC_WARN_UNINITIALIZED_AUTOS = YES_AGGRESSIVE;
				GCC_WARN_UNUSED_FUNCTION = YES;
				GCC_WARN_UNUSED_VARIABLE = YES;
				IPHONEOS_DEPLOYMENT_TARGET = 12.1;
				MTL_ENABLE_DEBUG_INFO = NO;
				MTL_FAST_MATH = YES;
				SDKROOT = iphoneos;
				SWIFT_COMPILATION_MODE = wholemodule;
				SWIFT_OPTIMIZATION_LEVEL = "-O";
				VALIDATE_PRODUCT = YES;
			};
			name = Release;
		};
		F6EC98362232880C00FC17F7 /* Debug */ = {
			isa = XCBuildConfiguration;
			baseConfigurationReference = 77EF7DBFE3B6368F9A4C733F /* Pods-TCSWeather.debug.xcconfig */;
			buildSettings = {
				ASSETCATALOG_COMPILER_APPICON_NAME = AppIcon;
				CODE_SIGN_STYLE = Automatic;
				DEVELOPMENT_TEAM = 39BFT23X4P;
				INFOPLIST_FILE = TCSWeather/Info.plist;
				LD_RUNPATH_SEARCH_PATHS = (
					"$(inherited)",
					"@executable_path/Frameworks",
				);
				PRODUCT_BUNDLE_IDENTIFIER = don.TCSWeather;
				PRODUCT_NAME = "$(TARGET_NAME)";
				SWIFT_VERSION = 4.2;
				TARGETED_DEVICE_FAMILY = "1,2";
			};
			name = Debug;
		};
		F6EC98372232880C00FC17F7 /* Release */ = {
			isa = XCBuildConfiguration;
			baseConfigurationReference = 7F2174AE8E28DD318F108EE2 /* Pods-TCSWeather.release.xcconfig */;
			buildSettings = {
				ASSETCATALOG_COMPILER_APPICON_NAME = AppIcon;
				CODE_SIGN_STYLE = Automatic;
				DEVELOPMENT_TEAM = 39BFT23X4P;
				INFOPLIST_FILE = TCSWeather/Info.plist;
				LD_RUNPATH_SEARCH_PATHS = (
					"$(inherited)",
					"@executable_path/Frameworks",
				);
				PRODUCT_BUNDLE_IDENTIFIER = don.TCSWeather;
				PRODUCT_NAME = "$(TARGET_NAME)";
				SWIFT_VERSION = 4.2;
				TARGETED_DEVICE_FAMILY = "1,2";
			};
			name = Release;
		};
		F6EC98392232880C00FC17F7 /* Debug */ = {
			isa = XCBuildConfiguration;
			baseConfigurationReference = 2C1FE85E014E8FF265C0940B /* Pods-TCSWeatherTests.debug.xcconfig */;
			buildSettings = {
				ALWAYS_EMBED_SWIFT_STANDARD_LIBRARIES = YES;
				BUNDLE_LOADER = "$(TEST_HOST)";
				CODE_SIGN_STYLE = Automatic;
				INFOPLIST_FILE = TCSWeatherTests/Info.plist;
				LD_RUNPATH_SEARCH_PATHS = (
					"$(inherited)",
					"@executable_path/Frameworks",
					"@loader_path/Frameworks",
				);
				PRODUCT_BUNDLE_IDENTIFIER = don.TCSWeatherTests;
				PRODUCT_NAME = "$(TARGET_NAME)";
				SWIFT_VERSION = 4.2;
				TARGETED_DEVICE_FAMILY = "1,2";
				TEST_HOST = "$(BUILT_PRODUCTS_DIR)/TCSWeather.app/TCSWeather";
			};
			name = Debug;
		};
		F6EC983A2232880C00FC17F7 /* Release */ = {
			isa = XCBuildConfiguration;
			baseConfigurationReference = B7FC56BB7DD4DEE124913F38 /* Pods-TCSWeatherTests.release.xcconfig */;
			buildSettings = {
				ALWAYS_EMBED_SWIFT_STANDARD_LIBRARIES = YES;
				BUNDLE_LOADER = "$(TEST_HOST)";
				CODE_SIGN_STYLE = Automatic;
				INFOPLIST_FILE = TCSWeatherTests/Info.plist;
				LD_RUNPATH_SEARCH_PATHS = (
					"$(inherited)",
					"@executable_path/Frameworks",
					"@loader_path/Frameworks",
				);
				PRODUCT_BUNDLE_IDENTIFIER = don.TCSWeatherTests;
				PRODUCT_NAME = "$(TARGET_NAME)";
				SWIFT_VERSION = 4.2;
				TARGETED_DEVICE_FAMILY = "1,2";
				TEST_HOST = "$(BUILT_PRODUCTS_DIR)/TCSWeather.app/TCSWeather";
			};
			name = Release;
		};
/* End XCBuildConfiguration section */

/* Begin XCConfigurationList section */
		F6EC98132232880900FC17F7 /* Build configuration list for PBXProject "TCSWeather" */ = {
			isa = XCConfigurationList;
			buildConfigurations = (
				F6EC98332232880C00FC17F7 /* Debug */,
				F6EC98342232880C00FC17F7 /* Release */,
			);
			defaultConfigurationIsVisible = 0;
			defaultConfigurationName = Release;
		};
		F6EC98352232880C00FC17F7 /* Build configuration list for PBXNativeTarget "TCSWeather" */ = {
			isa = XCConfigurationList;
			buildConfigurations = (
				F6EC98362232880C00FC17F7 /* Debug */,
				F6EC98372232880C00FC17F7 /* Release */,
			);
			defaultConfigurationIsVisible = 0;
			defaultConfigurationName = Release;
		};
		F6EC98382232880C00FC17F7 /* Build configuration list for PBXNativeTarget "TCSWeatherTests" */ = {
			isa = XCConfigurationList;
			buildConfigurations = (
				F6EC98392232880C00FC17F7 /* Debug */,
				F6EC983A2232880C00FC17F7 /* Release */,
			);
			defaultConfigurationIsVisible = 0;
			defaultConfigurationName = Release;
		};
/* End XCConfigurationList section */
	};
	rootObject = F6EC98102232880900FC17F7 /* Project object */;
}
