PODS:
  - Alamofire (4.8.1)
  - EasyPeasy (1.8.0)
  - ModelMapper (9.0.1):
    - ModelMapper/Core (= 9.0.1)
  - ModelMapper/Core (9.0.1)
  - Moya (12.0.1):
    - Moya/Core (= 12.0.1)
  - Moya-ModelMapper (8.0.0):
    - Moya-ModelMapper/Core (= 8.0.0)
  - Moya-ModelMapper/Core (8.0.0):
    - ModelMapper
    - Moya (~> 12.0)
  - Moya/Core (12.0.1):
    - Alamofire (~> 4.1)
    - Result (~> 4.0)
  - "NSObject+Rx (4.4.1)":
    - RxSwift (~> 4.3)
  - Result (4.1.0)
  - RxAtomic (4.4.1)
  - RxBlocking (4.4.1):
    - RxAtomic (~> 4.4)
    - RxSwift (~> 4.0)
  - RxCocoa (4.4.1):
    - RxSwift (~> 4.0)
  - RxFlow (2.0.0):
    - RxCocoa (>= 4.4.0)
    - RxSwift (>= 4.4.0)
  - RxSwift (4.4.1):
    - RxAtomic (~> 4.4)
  - RxTest (4.4.1):
    - RxAtomic (~> 4.4)
    - RxSwift (~> 4.0)
  - Swinject (2.6.0)
  - SwinjectAutoregistration (2.5.1):
    - Swinject (~> 2.5)

DEPENDENCIES:
  - EasyPeasy
  - Moya
  - Moya-ModelMapper
  - "NSObject+Rx"
  - RxBlocking
  - RxFlow
  - RxSwift
  - RxTest
  - Swinject
  - SwinjectAutoregistration

SPEC REPOS:
  https://github.com/cocoapods/specs.git:
    - Alamofire
    - EasyPeasy
    - ModelMapper
    - Moya
    - Moya-ModelMapper
    - "NSObject+Rx"
    - Result
    - RxAtomic
    - RxBlocking
    - RxCocoa
    - RxFlow
    - RxSwift
    - RxTest
    - Swinject
    - SwinjectAutoregistration

SPEC CHECKSUMS:
  Alamofire: 16ce2c353fb72865124ddae8a57c5942388f4f11
  EasyPeasy: bfffe5d47bbaaef3e32888c250a196768484b43a
  ModelMapper: 89a61430a75e6265040dc9555ab1feddeb25b986
  Moya: cf730b3cd9e005401ef37a85143aa141a12fd38f
  Moya-ModelMapper: 9032a62301f6489405d56b7bb4e1f54944638fe3
  "NSObject+Rx": 9884a92f19b610795c431e10b4e601913b59c9e9
  Result: bd966fac789cc6c1563440b348ab2598cc24d5c7
  RxAtomic: f8d6adc1ccb87a767811269e4875887bc74dbf19
  RxBlocking: 5508e90d36ca2304632dc9378ece4e9b5d4bf656
  RxCocoa: 2f35a76bf8887872e28a1914112395b11b8e0e64
  RxFlow: f0212025e3747431b3be09c6be04bfde0a3bf5a4
  RxSwift: 92fcf68dfef21f3e2ab1965363d9e7b3d787597e
  RxTest: f8e548755ca3c7502dc41c7d3b28802c90115a38
  Swinject: 48a96cda93633cf2860697b4ce76ab5db9ebaca2
  SwinjectAutoregistration: f72bf894cbd2ee4a9153e00fa5208e93fb44d283

PODFILE CHECKSUM: 6d9742bcf3f7b05bf7f0d8cb7b68ec1b7bb1d9ce

COCOAPODS: 1.6.1
