PODS:
  - Alamofire (4.8.1)
  - EasyPeasy (1.8.0)
  - Moya (12.0.1):
    - Moya/Core (= 12.0.1)
  - Moya/Core (12.0.1):
    - Alamofire (~> 4.1)
    - Result (~> 4.0)
  - MoyaMapper (1.1.5):
    - MoyaMapper/Core (= 1.1.5)
  - MoyaMapper/Core (1.1.5):
    - Moya (>= 11.0.0)
    - SwiftyJSON
  - Result (4.1.0)
  - RxAtomic (4.4.1)
  - RxCocoa (4.4.1):
    - RxSwift (~> 4.0)
  - RxFlow (2.0.0):
    - RxCocoa (>= 4.4.0)
    - RxSwift (>= 4.4.0)
  - RxSwift (4.4.1):
    - RxAtomic (~> 4.4)
  - SwiftyJSON (4.2.0)

DEPENDENCIES:
  - EasyPeasy
  - Moya
  - MoyaMapper
  - RxFlow
  - RxSwift

SPEC REPOS:
  https://github.com/cocoapods/specs.git:
    - Alamofire
    - EasyPeasy
    - Moya
    - MoyaMapper
    - Result
    - RxAtomic
    - RxCocoa
    - RxFlow
    - RxSwift
    - SwiftyJSON

SPEC CHECKSUMS:
  Alamofire: 16ce2c353fb72865124ddae8a57c5942388f4f11
  EasyPeasy: bfffe5d47bbaaef3e32888c250a196768484b43a
  Moya: cf730b3cd9e005401ef37a85143aa141a12fd38f
  MoyaMapper: eddca82d59edd78797a44f92bed43696281d38d5
  Result: bd966fac789cc6c1563440b348ab2598cc24d5c7
  RxAtomic: f8d6adc1ccb87a767811269e4875887bc74dbf19
  RxCocoa: 2f35a76bf8887872e28a1914112395b11b8e0e64
  RxFlow: f0212025e3747431b3be09c6be04bfde0a3bf5a4
  RxSwift: 92fcf68dfef21f3e2ab1965363d9e7b3d787597e
  SwiftyJSON: c4bcba26dd9ec7a027fc8eade48e2c911f229e96

PODFILE CHECKSUM: 1e630768e8391c9ad4a54efbe2d4ee71acdc75fd

COCOAPODS: 1.6.1
